// !$*UTF8*$!
{
	archiveVersion = 1;
	classes = {
	};
	objectVersion = 46;
	objects = {

/* Begin PBXBuildFile section */
		8F1C994318B948F40003C83C /* Cocoa.framework in Frameworks */ = {isa = PBXBuildFile; fileRef = 8F1C994218B948F40003C83C /* Cocoa.framework */; };
		8F1C994D18B948F40003C83C /* InfoPlist.strings in Resources */ = {isa = PBXBuildFile; fileRef = 8F1C994B18B948F40003C83C /* InfoPlist.strings */; };
		8F1C994F18B948F40003C83C /* main.m in Sources */ = {isa = PBXBuildFile; fileRef = 8F1C994E18B948F40003C83C /* main.m */; };
		8F1C995318B948F40003C83C /* Credits.rtf in Resources */ = {isa = PBXBuildFile; fileRef = 8F1C995118B948F40003C83C /* Credits.rtf */; };
		8F1C995618B948F40003C83C /* rafAppDelegate.m in Sources */ = {isa = PBXBuildFile; fileRef = 8F1C995518B948F40003C83C /* rafAppDelegate.m */; };
		8F1C995918B948F40003C83C /* MainMenu.xib in Resources */ = {isa = PBXBuildFile; fileRef = 8F1C995718B948F40003C83C /* MainMenu.xib */; };
		8F1C995B18B948F40003C83C /* Images.xcassets in Resources */ = {isa = PBXBuildFile; fileRef = 8F1C995A18B948F40003C83C /* Images.xcassets */; };
		8F1C996218B948F40003C83C /* XCTest.framework in Frameworks */ = {isa = PBXBuildFile; fileRef = 8F1C996118B948F40003C83C /* XCTest.framework */; };
		8F1C996318B948F40003C83C /* Cocoa.framework in Frameworks */ = {isa = PBXBuildFile; fileRef = 8F1C994218B948F40003C83C /* Cocoa.framework */; };
		8F1C996B18B948F40003C83C /* InfoPlist.strings in Resources */ = {isa = PBXBuildFile; fileRef = 8F1C996918B948F40003C83C /* InfoPlist.strings */; };
		8F1C996D18B948F40003C83C /* MouseCaptureTests.m in Sources */ = {isa = PBXBuildFile; fileRef = 8F1C996C18B948F40003C83C /* MouseCaptureTests.m */; };
		8F22B69218BACEF20099DA47 /* jvst_logo_blueOnTransparent.png in Resources */ = {isa = PBXBuildFile; fileRef = 8F22B69118BACEF20099DA47 /* jvst_logo_blueOnTransparent.png */; };
		8F22B69518BAD48D0099DA47 /* player_pause.png in Resources */ = {isa = PBXBuildFile; fileRef = 8F22B69318BAD48D0099DA47 /* player_pause.png */; };
		8F22B69618BAD48D0099DA47 /* player_play.png in Resources */ = {isa = PBXBuildFile; fileRef = 8F22B69418BAD48D0099DA47 /* player_play.png */; };
		8F22B69818BAD53A0099DA47 /* Record-Pressed-icon.png in Resources */ = {isa = PBXBuildFile; fileRef = 8F22B69718BAD53A0099DA47 /* Record-Pressed-icon.png */; };
		8FB8507218BAB229007D2A07 /* editclear.png in Resources */ = {isa = PBXBuildFile; fileRef = 8FB8507118BAB229007D2A07 /* editclear.png */; };
/* End PBXBuildFile section */

/* Begin PBXContainerItemProxy section */
		8F1C996418B948F40003C83C /* PBXContainerItemProxy */ = {
			isa = PBXContainerItemProxy;
			containerPortal = 8F1C993718B948F40003C83C /* Project object */;
			proxyType = 1;
			remoteGlobalIDString = 8F1C993E18B948F40003C83C;
			remoteInfo = MouseCapture;
		};
/* End PBXContainerItemProxy section */

/* Begin PBXFileReference section */
		8F1C993F18B948F40003C83C /* MouseCapture.app */ = {isa = PBXFileReference; explicitFileType = wrapper.application; includeInIndex = 0; path = MouseCapture.app; sourceTree = BUILT_PRODUCTS_DIR; };
		8F1C994218B948F40003C83C /* Cocoa.framework */ = {isa = PBXFileReference; lastKnownFileType = wrapper.framework; name = Cocoa.framework; path = System/Library/Frameworks/Cocoa.framework; sourceTree = SDKROOT; };
		8F1C994518B948F40003C83C /* AppKit.framework */ = {isa = PBXFileReference; lastKnownFileType = wrapper.framework; name = AppKit.framework; path = System/Library/Frameworks/AppKit.framework; sourceTree = SDKROOT; };
		8F1C994618B948F40003C83C /* CoreData.framework */ = {isa = PBXFileReference; lastKnownFileType = wrapper.framework; name = CoreData.framework; path = System/Library/Frameworks/CoreData.framework; sourceTree = SDKROOT; };
		8F1C994718B948F40003C83C /* Foundation.framework */ = {isa = PBXFileReference; lastKnownFileType = wrapper.framework; name = Foundation.framework; path = System/Library/Frameworks/Foundation.framework; sourceTree = SDKROOT; };
		8F1C994A18B948F40003C83C /* MouseCapture-Info.plist */ = {isa = PBXFileReference; lastKnownFileType = text.plist.xml; path = "MouseCapture-Info.plist"; sourceTree = "<group>"; };
		8F1C994C18B948F40003C83C /* en */ = {isa = PBXFileReference; lastKnownFileType = text.plist.strings; name = en; path = en.lproj/InfoPlist.strings; sourceTree = "<group>"; };
		8F1C994E18B948F40003C83C /* main.m */ = {isa = PBXFileReference; lastKnownFileType = sourcecode.c.objc; path = main.m; sourceTree = "<group>"; };
		8F1C995018B948F40003C83C /* MouseCapture-Prefix.pch */ = {isa = PBXFileReference; lastKnownFileType = sourcecode.c.h; path = "MouseCapture-Prefix.pch"; sourceTree = "<group>"; };
		8F1C995218B948F40003C83C /* en */ = {isa = PBXFileReference; lastKnownFileType = text.rtf; name = en; path = en.lproj/Credits.rtf; sourceTree = "<group>"; };
		8F1C995418B948F40003C83C /* rafAppDelegate.h */ = {isa = PBXFileReference; lastKnownFileType = sourcecode.c.h; path = rafAppDelegate.h; sourceTree = "<group>"; };
		8F1C995518B948F40003C83C /* rafAppDelegate.m */ = {isa = PBXFileReference; lastKnownFileType = sourcecode.c.objc; path = rafAppDelegate.m; sourceTree = "<group>"; };
		8F1C995818B948F40003C83C /* Base */ = {isa = PBXFileReference; lastKnownFileType = file.xib; name = Base; path = Base.lproj/MainMenu.xib; sourceTree = "<group>"; };
		8F1C995A18B948F40003C83C /* Images.xcassets */ = {isa = PBXFileReference; lastKnownFileType = folder.assetcatalog; path = Images.xcassets; sourceTree = "<group>"; };
		8F1C996018B948F40003C83C /* MouseCaptureTests.xctest */ = {isa = PBXFileReference; explicitFileType = wrapper.cfbundle; includeInIndex = 0; path = MouseCaptureTests.xctest; sourceTree = BUILT_PRODUCTS_DIR; };
		8F1C996118B948F40003C83C /* XCTest.framework */ = {isa = PBXFileReference; lastKnownFileType = wrapper.framework; name = XCTest.framework; path = Library/Frameworks/XCTest.framework; sourceTree = DEVELOPER_DIR; };
		8F1C996818B948F40003C83C /* MouseCaptureTests-Info.plist */ = {isa = PBXFileReference; lastKnownFileType = text.plist.xml; path = "MouseCaptureTests-Info.plist"; sourceTree = "<group>"; };
		8F1C996A18B948F40003C83C /* en */ = {isa = PBXFileReference; lastKnownFileType = text.plist.strings; name = en; path = en.lproj/InfoPlist.strings; sourceTree = "<group>"; };
		8F1C996C18B948F40003C83C /* MouseCaptureTests.m */ = {isa = PBXFileReference; lastKnownFileType = sourcecode.c.objc; path = MouseCaptureTests.m; sourceTree = "<group>"; };
		8F22B69118BACEF20099DA47 /* jvst_logo_blueOnTransparent.png */ = {isa = PBXFileReference; lastKnownFileType = image.png; path = jvst_logo_blueOnTransparent.png; sourceTree = "<group>"; };
		8F22B69318BAD48D0099DA47 /* player_pause.png */ = {isa = PBXFileReference; lastKnownFileType = image.png; path = player_pause.png; sourceTree = "<group>"; };
		8F22B69418BAD48D0099DA47 /* player_play.png */ = {isa = PBXFileReference; lastKnownFileType = image.png; path = player_play.png; sourceTree = "<group>"; };
		8F22B69718BAD53A0099DA47 /* Record-Pressed-icon.png */ = {isa = PBXFileReference; lastKnownFileType = image.png; path = "Record-Pressed-icon.png"; sourceTree = "<group>"; };
		8FB8507118BAB229007D2A07 /* editclear.png */ = {isa = PBXFileReference; lastKnownFileType = image.png; path = editclear.png; sourceTree = "<group>"; };
/* End PBXFileReference section */

/* Begin PBXFrameworksBuildPhase section */
		8F1C993C18B948F40003C83C /* Frameworks */ = {
			isa = PBXFrameworksBuildPhase;
			buildActionMask = 2147483647;
			files = (
				8F1C994318B948F40003C83C /* Cocoa.framework in Frameworks */,
			);
			runOnlyForDeploymentPostprocessing = 0;
		};
		8F1C995D18B948F40003C83C /* Frameworks */ = {
			isa = PBXFrameworksBuildPhase;
			buildActionMask = 2147483647;
			files = (
				8F1C996318B948F40003C83C /* Cocoa.framework in Frameworks */,
				8F1C996218B948F40003C83C /* XCTest.framework in Frameworks */,
			);
			runOnlyForDeploymentPostprocessing = 0;
		};
/* End PBXFrameworksBuildPhase section */

/* Begin PBXGroup section */
		8F1C993618B948F40003C83C = {
			isa = PBXGroup;
			children = (
				8F22B69718BAD53A0099DA47 /* Record-Pressed-icon.png */,
				8F22B69318BAD48D0099DA47 /* player_pause.png */,
				8F22B69418BAD48D0099DA47 /* player_play.png */,
				8F22B69118BACEF20099DA47 /* jvst_logo_blueOnTransparent.png */,
				8FB8507118BAB229007D2A07 /* editclear.png */,
				8F1C994818B948F40003C83C /* MouseCapture */,
				8F1C996618B948F40003C83C /* MouseCaptureTests */,
				8F1C994118B948F40003C83C /* Frameworks */,
				8F1C994018B948F40003C83C /* Products */,
			);
			sourceTree = "<group>";
		};
		8F1C994018B948F40003C83C /* Products */ = {
			isa = PBXGroup;
			children = (
				8F1C993F18B948F40003C83C /* MouseCapture.app */,
				8F1C996018B948F40003C83C /* MouseCaptureTests.xctest */,
			);
			name = Products;
			sourceTree = "<group>";
		};
		8F1C994118B948F40003C83C /* Frameworks */ = {
			isa = PBXGroup;
			children = (
				8F1C994218B948F40003C83C /* Cocoa.framework */,
				8F1C996118B948F40003C83C /* XCTest.framework */,
				8F1C994418B948F40003C83C /* Other Frameworks */,
			);
			name = Frameworks;
			sourceTree = "<group>";
		};
		8F1C994418B948F40003C83C /* Other Frameworks */ = {
			isa = PBXGroup;
			children = (
				8F1C994518B948F40003C83C /* AppKit.framework */,
				8F1C994618B948F40003C83C /* CoreData.framework */,
				8F1C994718B948F40003C83C /* Foundation.framework */,
			);
			name = "Other Frameworks";
			sourceTree = "<group>";
		};
		8F1C994818B948F40003C83C /* MouseCapture */ = {
			isa = PBXGroup;
			children = (
				8F1C995418B948F40003C83C /* rafAppDelegate.h */,
				8F1C995518B948F40003C83C /* rafAppDelegate.m */,
				8F1C995718B948F40003C83C /* MainMenu.xib */,
				8F1C995A18B948F40003C83C /* Images.xcassets */,
				8F1C994918B948F40003C83C /* Supporting Files */,
			);
			path = MouseCapture;
			sourceTree = "<group>";
		};
		8F1C994918B948F40003C83C /* Supporting Files */ = {
			isa = PBXGroup;
			children = (
				8F1C994A18B948F40003C83C /* MouseCapture-Info.plist */,
				8F1C994B18B948F40003C83C /* InfoPlist.strings */,
				8F1C994E18B948F40003C83C /* main.m */,
				8F1C995018B948F40003C83C /* MouseCapture-Prefix.pch */,
				8F1C995118B948F40003C83C /* Credits.rtf */,
			);
			name = "Supporting Files";
			sourceTree = "<group>";
		};
		8F1C996618B948F40003C83C /* MouseCaptureTests */ = {
			isa = PBXGroup;
			children = (
				8F1C996C18B948F40003C83C /* MouseCaptureTests.m */,
				8F1C996718B948F40003C83C /* Supporting Files */,
			);
			path = MouseCaptureTests;
			sourceTree = "<group>";
		};
		8F1C996718B948F40003C83C /* Supporting Files */ = {
			isa = PBXGroup;
			children = (
				8F1C996818B948F40003C83C /* MouseCaptureTests-Info.plist */,
				8F1C996918B948F40003C83C /* InfoPlist.strings */,
			);
			name = "Supporting Files";
			sourceTree = "<group>";
		};
/* End PBXGroup section */

/* Begin PBXNativeTarget section */
		8F1C993E18B948F40003C83C /* MouseCapture */ = {
			isa = PBXNativeTarget;
			buildConfigurationList = 8F1C997018B948F40003C83C /* Build configuration list for PBXNativeTarget "MouseCapture" */;
			buildPhases = (
				8F1C993B18B948F40003C83C /* Sources */,
				8F1C993C18B948F40003C83C /* Frameworks */,
				8F1C993D18B948F40003C83C /* Resources */,
			);
			buildRules = (
			);
			dependencies = (
			);
			name = MouseCapture;
			productName = MouseCapture;
			productReference = 8F1C993F18B948F40003C83C /* MouseCapture.app */;
			productType = "com.apple.product-type.application";
		};
		8F1C995F18B948F40003C83C /* MouseCaptureTests */ = {
			isa = PBXNativeTarget;
			buildConfigurationList = 8F1C997318B948F40003C83C /* Build configuration list for PBXNativeTarget "MouseCaptureTests" */;
			buildPhases = (
				8F1C995C18B948F40003C83C /* Sources */,
				8F1C995D18B948F40003C83C /* Frameworks */,
				8F1C995E18B948F40003C83C /* Resources */,
			);
			buildRules = (
			);
			dependencies = (
				8F1C996518B948F40003C83C /* PBXTargetDependency */,
			);
			name = MouseCaptureTests;
			productName = MouseCaptureTests;
			productReference = 8F1C996018B948F40003C83C /* MouseCaptureTests.xctest */;
			productType = "com.apple.product-type.bundle.unit-test";
		};
/* End PBXNativeTarget section */

/* Begin PBXProject section */
		8F1C993718B948F40003C83C /* Project object */ = {
			isa = PBXProject;
			attributes = {
				CLASSPREFIX = raf;
				LastUpgradeCheck = 0500;
				ORGANIZATIONNAME = "Matthieu COLLE";
				TargetAttributes = {
					8F1C995F18B948F40003C83C = {
						TestTargetID = 8F1C993E18B948F40003C83C;
					};
				};
			};
			buildConfigurationList = 8F1C993A18B948F40003C83C /* Build configuration list for PBXProject "MouseCapture" */;
			compatibilityVersion = "Xcode 3.2";
			developmentRegion = English;
			hasScannedForEncodings = 0;
			knownRegions = (
				en,
				Base,
			);
			mainGroup = 8F1C993618B948F40003C83C;
			productRefGroup = 8F1C994018B948F40003C83C /* Products */;
			projectDirPath = "";
			projectRoot = "";
			targets = (
				8F1C993E18B948F40003C83C /* MouseCapture */,
				8F1C995F18B948F40003C83C /* MouseCaptureTests */,
			);
		};
/* End PBXProject section */

/* Begin PBXResourcesBuildPhase section */
		8F1C993D18B948F40003C83C /* Resources */ = {
			isa = PBXResourcesBuildPhase;
			buildActionMask = 2147483647;
			files = (
				8FB8507218BAB229007D2A07 /* editclear.png in Resources */,
				8F1C994D18B948F40003C83C /* InfoPlist.strings in Resources */,
				8F22B69518BAD48D0099DA47 /* player_pause.png in Resources */,
				8F22B69818BAD53A0099DA47 /* Record-Pressed-icon.png in Resources */,
				8F1C995B18B948F40003C83C /* Images.xcassets in Resources */,
				8F22B69618BAD48D0099DA47 /* player_play.png in Resources */,
				8F22B69218BACEF20099DA47 /* jvst_logo_blueOnTransparent.png in Resources */,
				8F1C995318B948F40003C83C /* Credits.rtf in Resources */,
				8F1C995918B948F40003C83C /* MainMenu.xib in Resources */,
			);
			runOnlyForDeploymentPostprocessing = 0;
		};
		8F1C995E18B948F40003C83C /* Resources */ = {
			isa = PBXResourcesBuildPhase;
			buildActionMask = 2147483647;
			files = (
				8F1C996B18B948F40003C83C /* InfoPlist.strings in Resources */,
			);
			runOnlyForDeploymentPostprocessing = 0;
		};
/* End PBXResourcesBuildPhase section */

/* Begin PBXSourcesBuildPhase section */
		8F1C993B18B948F40003C83C /* Sources */ = {
			isa = PBXSourcesBuildPhase;
			buildActionMask = 2147483647;
			files = (
				8F1C995618B948F40003C83C /* rafAppDelegate.m in Sources */,
				8F1C994F18B948F40003C83C /* main.m in Sources */,
			);
			runOnlyForDeploymentPostprocessing = 0;
		};
		8F1C995C18B948F40003C83C /* Sources */ = {
			isa = PBXSourcesBuildPhase;
			buildActionMask = 2147483647;
			files = (
				8F1C996D18B948F40003C83C /* MouseCaptureTests.m in Sources */,
			);
			runOnlyForDeploymentPostprocessing = 0;
		};
/* End PBXSourcesBuildPhase section */

/* Begin PBXTargetDependency section */
		8F1C996518B948F40003C83C /* PBXTargetDependency */ = {
			isa = PBXTargetDependency;
			target = 8F1C993E18B948F40003C83C /* MouseCapture */;
			targetProxy = 8F1C996418B948F40003C83C /* PBXContainerItemProxy */;
		};
/* End PBXTargetDependency section */

/* Begin PBXVariantGroup section */
		8F1C994B18B948F40003C83C /* InfoPlist.strings */ = {
			isa = PBXVariantGroup;
			children = (
				8F1C994C18B948F40003C83C /* en */,
			);
			name = InfoPlist.strings;
			sourceTree = "<group>";
		};
		8F1C995118B948F40003C83C /* Credits.rtf */ = {
			isa = PBXVariantGroup;
			children = (
				8F1C995218B948F40003C83C /* en */,
			);
			name = Credits.rtf;
			sourceTree = "<group>";
		};
		8F1C995718B948F40003C83C /* MainMenu.xib */ = {
			isa = PBXVariantGroup;
			children = (
				8F1C995818B948F40003C83C /* Base */,
			);
			name = MainMenu.xib;
			sourceTree = "<group>";
		};
		8F1C996918B948F40003C83C /* InfoPlist.strings */ = {
			isa = PBXVariantGroup;
			children = (
				8F1C996A18B948F40003C83C /* en */,
			);
			name = InfoPlist.strings;
			sourceTree = "<group>";
		};
/* End PBXVariantGroup section */

/* Begin XCBuildConfiguration section */
		8F1C996E18B948F40003C83C /* Debug */ = {
			isa = XCBuildConfiguration;
			buildSettings = {
				ALWAYS_SEARCH_USER_PATHS = NO;
				CLANG_CXX_LANGUAGE_STANDARD = "gnu++0x";
				CLANG_CXX_LIBRARY = "libc++";
				CLANG_ENABLE_OBJC_ARC = YES;
				CLANG_WARN_BOOL_CONVERSION = YES;
				CLANG_WARN_CONSTANT_CONVERSION = YES;
				CLANG_WARN_DIRECT_OBJC_ISA_USAGE = YES_ERROR;
				CLANG_WARN_EMPTY_BODY = YES;
				CLANG_WARN_ENUM_CONVERSION = YES;
				CLANG_WARN_INT_CONVERSION = YES;
				CLANG_WARN_OBJC_ROOT_CLASS = YES_ERROR;
				CLANG_WARN__DUPLICATE_METHOD_MATCH = YES;
				COPY_PHASE_STRIP = NO;
				GCC_C_LANGUAGE_STANDARD = gnu99;
				GCC_DYNAMIC_NO_PIC = NO;
				GCC_ENABLE_OBJC_EXCEPTIONS = YES;
				GCC_OPTIMIZATION_LEVEL = 0;
				GCC_PREPROCESSOR_DEFINITIONS = (
					"DEBUG=1",
					"$(inherited)",
				);
				GCC_SYMBOLS_PRIVATE_EXTERN = NO;
				GCC_WARN_64_TO_32_BIT_CONVERSION = YES;
				GCC_WARN_ABOUT_RETURN_TYPE = YES_ERROR;
				GCC_WARN_UNDECLARED_SELECTOR = YES;
				GCC_WARN_UNINITIALIZED_AUTOS = YES;
				GCC_WARN_UNUSED_FUNCTION = YES;
				GCC_WARN_UNUSED_VARIABLE = YES;
				MACOSX_DEPLOYMENT_TARGET = 10.9;
				ONLY_ACTIVE_ARCH = YES;
				SDKROOT = macosx;
			};
			name = Debug;
		};
		8F1C996F18B948F40003C83C /* Release */ = {
			isa = XCBuildConfiguration;
			buildSettings = {
				ALWAYS_SEARCH_USER_PATHS = NO;
				CLANG_CXX_LANGUAGE_STANDARD = "gnu++0x";
				CLANG_CXX_LIBRARY = "libc++";
				CLANG_ENABLE_OBJC_ARC = YES;
				CLANG_WARN_BOOL_CONVERSION = YES;
				CLANG_WARN_CONSTANT_CONVERSION = YES;
				CLANG_WARN_DIRECT_OBJC_ISA_USAGE = YES_ERROR;
				CLANG_WARN_EMPTY_BODY = YES;
				CLANG_WARN_ENUM_CONVERSION = YES;
				CLANG_WARN_INT_CONVERSION = YES;
				CLANG_WARN_OBJC_ROOT_CLASS = YES_ERROR;
				CLANG_WARN__DUPLICATE_METHOD_MATCH = YES;
				COPY_PHASE_STRIP = YES;
				DEBUG_INFORMATION_FORMAT = "dwarf-with-dsym";
				ENABLE_NS_ASSERTIONS = NO;
				GCC_C_LANGUAGE_STANDARD = gnu99;
				GCC_ENABLE_OBJC_EXCEPTIONS = YES;
				GCC_WARN_64_TO_32_BIT_CONVERSION = YES;
				GCC_WARN_ABOUT_RETURN_TYPE = YES_ERROR;
				GCC_WARN_UNDECLARED_SELECTOR = YES;
				GCC_WARN_UNINITIALIZED_AUTOS = YES;
				GCC_WARN_UNUSED_FUNCTION = YES;
				GCC_WARN_UNUSED_VARIABLE = YES;
				MACOSX_DEPLOYMENT_TARGET = 10.9;
				SDKROOT = macosx;
			};
			name = Release;
		};
		8F1C997118B948F40003C83C /* Debug */ = {
			isa = XCBuildConfiguration;
			buildSettings = {
				ASSETCATALOG_COMPILER_APPICON_NAME = AppIcon;
				COMBINE_HIDPI_IMAGES = YES;
				GCC_PRECOMPILE_PREFIX_HEADER = YES;
				GCC_PREFIX_HEADER = "MouseCapture/MouseCapture-Prefix.pch";
				INFOPLIST_FILE = "MouseCapture/MouseCapture-Info.plist";
				PRODUCT_NAME = "$(TARGET_NAME)";
				WRAPPER_EXTENSION = app;
			};
			name = Debug;
		};
		8F1C997218B948F40003C83C /* Release */ = {
			isa = XCBuildConfiguration;
			buildSettings = {
				ASSETCATALOG_COMPILER_APPICON_NAME = AppIcon;
				COMBINE_HIDPI_IMAGES = YES;
				GCC_PRECOMPILE_PREFIX_HEADER = YES;
				GCC_PREFIX_HEADER = "MouseCapture/MouseCapture-Prefix.pch";
				INFOPLIST_FILE = "MouseCapture/MouseCapture-Info.plist";
				PRODUCT_NAME = "$(TARGET_NAME)";
				WRAPPER_EXTENSION = app;
			};
			name = Release;
		};
		8F1C997418B948F40003C83C /* Debug */ = {
			isa = XCBuildConfiguration;
			buildSettings = {
				BUNDLE_LOADER = "$(BUILT_PRODUCTS_DIR)/MouseCapture.app/Contents/MacOS/MouseCapture";
				COMBINE_HIDPI_IMAGES = YES;
				FRAMEWORK_SEARCH_PATHS = (
					"$(DEVELOPER_FRAMEWORKS_DIR)",
					"$(inherited)",
				);
				GCC_PRECOMPILE_PREFIX_HEADER = YES;
				GCC_PREFIX_HEADER = "MouseCapture/MouseCapture-Prefix.pch";
				GCC_PREPROCESSOR_DEFINITIONS = (
					"DEBUG=1",
					"$(inherited)",
				);
				INFOPLIST_FILE = "MouseCaptureTests/MouseCaptureTests-Info.plist";
				PRODUCT_NAME = "$(TARGET_NAME)";
				TEST_HOST = "$(BUNDLE_LOADER)";
				WRAPPER_EXTENSION = xctest;
			};
			name = Debug;
		};
		8F1C997518B948F40003C83C /* Release */ = {
			isa = XCBuildConfiguration;
			buildSettings = {
				BUNDLE_LOADER = "$(BUILT_PRODUCTS_DIR)/MouseCapture.app/Contents/MacOS/MouseCapture";
				COMBINE_HIDPI_IMAGES = YES;
				FRAMEWORK_SEARCH_PATHS = (
					"$(DEVELOPER_FRAMEWORKS_DIR)",
					"$(inherited)",
				);
				GCC_PRECOMPILE_PREFIX_HEADER = YES;
				GCC_PREFIX_HEADER = "MouseCapture/MouseCapture-Prefix.pch";
				INFOPLIST_FILE = "MouseCaptureTests/MouseCaptureTests-Info.plist";
				PRODUCT_NAME = "$(TARGET_NAME)";
				TEST_HOST = "$(BUNDLE_LOADER)";
				WRAPPER_EXTENSION = xctest;
			};
			name = Release;
		};
/* End XCBuildConfiguration section */

/* Begin XCConfigurationList section */
		8F1C993A18B948F40003C83C /* Build configuration list for PBXProject "MouseCapture" */ = {
			isa = XCConfigurationList;
			buildConfigurations = (
				8F1C996E18B948F40003C83C /* Debug */,
				8F1C996F18B948F40003C83C /* Release */,
			);
			defaultConfigurationIsVisible = 0;
			defaultConfigurationName = Release;
		};
		8F1C997018B948F40003C83C /* Build configuration list for PBXNativeTarget "MouseCapture" */ = {
			isa = XCConfigurationList;
			buildConfigurations = (
				8F1C997118B948F40003C83C /* Debug */,
				8F1C997218B948F40003C83C /* Release */,
			);
			defaultConfigurationIsVisible = 0;
			defaultConfigurationName = Release;
		};
		8F1C997318B948F40003C83C /* Build configuration list for PBXNativeTarget "MouseCaptureTests" */ = {
			isa = XCConfigurationList;
			buildConfigurations = (
				8F1C997418B948F40003C83C /* Debug */,
				8F1C997518B948F40003C83C /* Release */,
			);
			defaultConfigurationIsVisible = 0;
			defaultConfigurationName = Release;
		};
/* End XCConfigurationList section */
	};
	rootObject = 8F1C993718B948F40003C83C /* Project object */;
}
